
Microsoft Visual Studio Solution File, Format Version 12.00
# Visual Studio Version 16
VisualStudioVersion = 16.0.31515.178
MinimumVisualStudioVersion = 10.0.40219.1
Project("{FAE04EC0-301F-11D3-BF4B-00C04F79EFBC}") = "Projet2", "Projet2\Projet2.csproj", "{87DEDCDA-D165-4D7F-8CD2-7C690BA86AC9}"
EndProject
Global
	GlobalSection(SolutionConfigurationPlatforms) = preSolution
		Debug|Any CPU = Debug|Any CPU
		Release|Any CPU = Release|Any CPU
	EndGlobalSection
	GlobalSection(ProjectConfigurationPlatforms) = postSolution
		{87DEDCDA-D165-4D7F-8CD2-7C690BA86AC9}.Debug|Any CPU.ActiveCfg = Debug|Any CPU
		{87DEDCDA-D165-4D7F-8CD2-7C690BA86AC9}.Debug|Any CPU.Build.0 = Debug|Any CPU
		{87DEDCDA-D165-4D7F-8CD2-7C690BA86AC9}.Release|Any CPU.ActiveCfg = Release|Any CPU
		{87DEDCDA-D165-4D7F-8CD2-7C690BA86AC9}.Release|Any CPU.Build.0 = Release|Any CPU
	EndGlobalSection
	GlobalSection(SolutionProperties) = preSolution
		HideSolutionNode = FALSE
	EndGlobalSection
	GlobalSection(ExtensibilityGlobals) = postSolution
		SolutionGuid = {BA1F5B18-FC1B-4871-B747-40F480D28489}
	EndGlobalSection
EndGlobal
